// !$*UTF8*$!
{
	archiveVersion = 1;
	classes = {
	};
	objectVersion = 48;
	objects = {

/* Begin PBXBuildFile section */
		58D19280201678210028DA5C /* AppDelegate.swift in Sources */ = {isa = PBXBuildFile; fileRef = 58D1927F201678210028DA5C /* AppDelegate.swift */; };
		58D19285201678210028DA5C /* Main.storyboard in Resources */ = {isa = PBXBuildFile; fileRef = 58D19283201678210028DA5C /* Main.storyboard */; };
		58D19288201678210028DA5C /* Meow_Fest.xcdatamodeld in Sources */ = {isa = PBXBuildFile; fileRef = 58D19286201678210028DA5C /* Meow_Fest.xcdatamodeld */; };
		58D1928A201678210028DA5C /* Assets.xcassets in Resources */ = {isa = PBXBuildFile; fileRef = 58D19289201678210028DA5C /* Assets.xcassets */; };
		58D1928D201678210028DA5C /* LaunchScreen.storyboard in Resources */ = {isa = PBXBuildFile; fileRef = 58D1928B201678210028DA5C /* LaunchScreen.storyboard */; };
		58D19298201678220028DA5C /* Meow_FestTests.swift in Sources */ = {isa = PBXBuildFile; fileRef = 58D19297201678220028DA5C /* Meow_FestTests.swift */; };
		58D192A3201678220028DA5C /* Meow_FestUITests.swift in Sources */ = {isa = PBXBuildFile; fileRef = 58D192A2201678220028DA5C /* Meow_FestUITests.swift */; };
		58D192B1201678780028DA5C /* MeowFestAPIClient.swift in Sources */ = {isa = PBXBuildFile; fileRef = 58D192B0201678780028DA5C /* MeowFestAPIClient.swift */; };
		58D192B320167B490028DA5C /* MeowFest.swift in Sources */ = {isa = PBXBuildFile; fileRef = 58D192B220167B490028DA5C /* MeowFest.swift */; };
		58D192B520167C750028DA5C /* MeowFestDatastore.swift in Sources */ = {isa = PBXBuildFile; fileRef = 58D192B420167C750028DA5C /* MeowFestDatastore.swift */; };
		58D192B720167FDE0028DA5C /* MeowFestTableViewController.swift in Sources */ = {isa = PBXBuildFile; fileRef = 58D192B620167FDE0028DA5C /* MeowFestTableViewController.swift */; };
		58D192B9201692060028DA5C /* MeowFestTableViewCell.swift in Sources */ = {isa = PBXBuildFile; fileRef = 58D192B8201692060028DA5C /* MeowFestTableViewCell.swift */; };
/* End PBXBuildFile section */

/* Begin PBXContainerItemProxy section */
		58D19294201678220028DA5C /* PBXContainerItemProxy */ = {
			isa = PBXContainerItemProxy;
			containerPortal = 58D19274201678210028DA5C /* Project object */;
			proxyType = 1;
			remoteGlobalIDString = 58D1927B201678210028DA5C;
			remoteInfo = "Meow Fest";
		};
		58D1929F201678220028DA5C /* PBXContainerItemProxy */ = {
			isa = PBXContainerItemProxy;
			containerPortal = 58D19274201678210028DA5C /* Project object */;
			proxyType = 1;
			remoteGlobalIDString = 58D1927B201678210028DA5C;
			remoteInfo = "Meow Fest";
		};
/* End PBXContainerItemProxy section */

/* Begin PBXFileReference section */
		58D1927C201678210028DA5C /* Meow Fest.app */ = {isa = PBXFileReference; explicitFileType = wrapper.application; includeInIndex = 0; path = "Meow Fest.app"; sourceTree = BUILT_PRODUCTS_DIR; };
		58D1927F201678210028DA5C /* AppDelegate.swift */ = {isa = PBXFileReference; lastKnownFileType = sourcecode.swift; path = AppDelegate.swift; sourceTree = "<group>"; };
		58D19284201678210028DA5C /* Base */ = {isa = PBXFileReference; lastKnownFileType = file.storyboard; name = Base; path = Base.lproj/Main.storyboard; sourceTree = "<group>"; };
		58D19287201678210028DA5C /* Meow_Fest.xcdatamodel */ = {isa = PBXFileReference; lastKnownFileType = wrapper.xcdatamodel; path = Meow_Fest.xcdatamodel; sourceTree = "<group>"; };
		58D19289201678210028DA5C /* Assets.xcassets */ = {isa = PBXFileReference; lastKnownFileType = folder.assetcatalog; path = Assets.xcassets; sourceTree = "<group>"; };
		58D1928C201678210028DA5C /* Base */ = {isa = PBXFileReference; lastKnownFileType = file.storyboard; name = Base; path = Base.lproj/LaunchScreen.storyboard; sourceTree = "<group>"; };
		58D1928E201678210028DA5C /* Info.plist */ = {isa = PBXFileReference; lastKnownFileType = text.plist.xml; path = Info.plist; sourceTree = "<group>"; };
		58D19293201678220028DA5C /* Meow FestTests.xctest */ = {isa = PBXFileReference; explicitFileType = wrapper.cfbundle; includeInIndex = 0; path = "Meow FestTests.xctest"; sourceTree = BUILT_PRODUCTS_DIR; };
		58D19297201678220028DA5C /* Meow_FestTests.swift */ = {isa = PBXFileReference; lastKnownFileType = sourcecode.swift; path = Meow_FestTests.swift; sourceTree = "<group>"; };
		58D19299201678220028DA5C /* Info.plist */ = {isa = PBXFileReference; lastKnownFileType = text.plist.xml; path = Info.plist; sourceTree = "<group>"; };
		58D1929E201678220028DA5C /* Meow FestUITests.xctest */ = {isa = PBXFileReference; explicitFileType = wrapper.cfbundle; includeInIndex = 0; path = "Meow FestUITests.xctest"; sourceTree = BUILT_PRODUCTS_DIR; };
		58D192A2201678220028DA5C /* Meow_FestUITests.swift */ = {isa = PBXFileReference; lastKnownFileType = sourcecode.swift; path = Meow_FestUITests.swift; sourceTree = "<group>"; };
		58D192A4201678220028DA5C /* Info.plist */ = {isa = PBXFileReference; lastKnownFileType = text.plist.xml; path = Info.plist; sourceTree = "<group>"; };
		58D192B0201678780028DA5C /* MeowFestAPIClient.swift */ = {isa = PBXFileReference; lastKnownFileType = sourcecode.swift; path = MeowFestAPIClient.swift; sourceTree = "<group>"; };
		58D192B220167B490028DA5C /* MeowFest.swift */ = {isa = PBXFileReference; lastKnownFileType = sourcecode.swift; path = MeowFest.swift; sourceTree = "<group>"; };
		58D192B420167C750028DA5C /* MeowFestDatastore.swift */ = {isa = PBXFileReference; lastKnownFileType = sourcecode.swift; path = MeowFestDatastore.swift; sourceTree = "<group>"; };
		58D192B620167FDE0028DA5C /* MeowFestTableViewController.swift */ = {isa = PBXFileReference; lastKnownFileType = sourcecode.swift; path = MeowFestTableViewController.swift; sourceTree = "<group>"; };
		58D192B8201692060028DA5C /* MeowFestTableViewCell.swift */ = {isa = PBXFileReference; lastKnownFileType = sourcecode.swift; path = MeowFestTableViewCell.swift; sourceTree = "<group>"; };
/* End PBXFileReference section */

/* Begin PBXFrameworksBuildPhase section */
		58D19279201678210028DA5C /* Frameworks */ = {
			isa = PBXFrameworksBuildPhase;
			buildActionMask = 2147483647;
			files = (
			);
			runOnlyForDeploymentPostprocessing = 0;
		};
		58D19290201678220028DA5C /* Frameworks */ = {
			isa = PBXFrameworksBuildPhase;
			buildActionMask = 2147483647;
			files = (
			);
			runOnlyForDeploymentPostprocessing = 0;
		};
		58D1929B201678220028DA5C /* Frameworks */ = {
			isa = PBXFrameworksBuildPhase;
			buildActionMask = 2147483647;
			files = (
			);
			runOnlyForDeploymentPostprocessing = 0;
		};
/* End PBXFrameworksBuildPhase section */

/* Begin PBXGroup section */
		58D19273201678210028DA5C = {
			isa = PBXGroup;
			children = (
				58D1927E201678210028DA5C /* Meow Fest */,
				58D19296201678220028DA5C /* Meow FestTests */,
				58D192A1201678220028DA5C /* Meow FestUITests */,
				58D1927D201678210028DA5C /* Products */,
			);
			sourceTree = "<group>";
		};
		58D1927D201678210028DA5C /* Products */ = {
			isa = PBXGroup;
			children = (
				58D1927C201678210028DA5C /* Meow Fest.app */,
				58D19293201678220028DA5C /* Meow FestTests.xctest */,
				58D1929E201678220028DA5C /* Meow FestUITests.xctest */,
			);
			name = Products;
			sourceTree = "<group>";
		};
		58D1927E201678210028DA5C /* Meow Fest */ = {
			isa = PBXGroup;
			children = (
				58D192B8201692060028DA5C /* MeowFestTableViewCell.swift */,
				58D192B620167FDE0028DA5C /* MeowFestTableViewController.swift */,
				58D192B0201678780028DA5C /* MeowFestAPIClient.swift */,
				58D1927F201678210028DA5C /* AppDelegate.swift */,
				58D192B220167B490028DA5C /* MeowFest.swift */,
				58D192B420167C750028DA5C /* MeowFestDatastore.swift */,
				58D19283201678210028DA5C /* Main.storyboard */,
				58D19289201678210028DA5C /* Assets.xcassets */,
				58D1928B201678210028DA5C /* LaunchScreen.storyboard */,
				58D1928E201678210028DA5C /* Info.plist */,
				58D19286201678210028DA5C /* Meow_Fest.xcdatamodeld */,
			);
			path = "Meow Fest";
			sourceTree = "<group>";
		};
		58D19296201678220028DA5C /* Meow FestTests */ = {
			isa = PBXGroup;
			children = (
				58D19297201678220028DA5C /* Meow_FestTests.swift */,
				58D19299201678220028DA5C /* Info.plist */,
			);
			path = "Meow FestTests";
			sourceTree = "<group>";
		};
		58D192A1201678220028DA5C /* Meow FestUITests */ = {
			isa = PBXGroup;
			children = (
				58D192A2201678220028DA5C /* Meow_FestUITests.swift */,
				58D192A4201678220028DA5C /* Info.plist */,
			);
			path = "Meow FestUITests";
			sourceTree = "<group>";
		};
/* End PBXGroup section */

/* Begin PBXNativeTarget section */
		58D1927B201678210028DA5C /* Meow Fest */ = {
			isa = PBXNativeTarget;
			buildConfigurationList = 58D192A7201678220028DA5C /* Build configuration list for PBXNativeTarget "Meow Fest" */;
			buildPhases = (
				58D19278201678210028DA5C /* Sources */,
				58D19279201678210028DA5C /* Frameworks */,
				58D1927A201678210028DA5C /* Resources */,
			);
			buildRules = (
			);
			dependencies = (
			);
			name = "Meow Fest";
			productName = "Meow Fest";
			productReference = 58D1927C201678210028DA5C /* Meow Fest.app */;
			productType = "com.apple.product-type.application";
		};
		58D19292201678220028DA5C /* Meow FestTests */ = {
			isa = PBXNativeTarget;
			buildConfigurationList = 58D192AA201678220028DA5C /* Build configuration list for PBXNativeTarget "Meow FestTests" */;
			buildPhases = (
				58D1928F201678220028DA5C /* Sources */,
				58D19290201678220028DA5C /* Frameworks */,
				58D19291201678220028DA5C /* Resources */,
			);
			buildRules = (
			);
			dependencies = (
				58D19295201678220028DA5C /* PBXTargetDependency */,
			);
			name = "Meow FestTests";
			productName = "Meow FestTests";
			productReference = 58D19293201678220028DA5C /* Meow FestTests.xctest */;
			productType = "com.apple.product-type.bundle.unit-test";
		};
		58D1929D201678220028DA5C /* Meow FestUITests */ = {
			isa = PBXNativeTarget;
			buildConfigurationList = 58D192AD201678220028DA5C /* Build configuration list for PBXNativeTarget "Meow FestUITests" */;
			buildPhases = (
				58D1929A201678220028DA5C /* Sources */,
				58D1929B201678220028DA5C /* Frameworks */,
				58D1929C201678220028DA5C /* Resources */,
			);
			buildRules = (
			);
			dependencies = (
				58D192A0201678220028DA5C /* PBXTargetDependency */,
			);
			name = "Meow FestUITests";
			productName = "Meow FestUITests";
			productReference = 58D1929E201678220028DA5C /* Meow FestUITests.xctest */;
			productType = "com.apple.product-type.bundle.ui-testing";
		};
/* End PBXNativeTarget section */

/* Begin PBXProject section */
		58D19274201678210028DA5C /* Project object */ = {
			isa = PBXProject;
			attributes = {
				LastSwiftUpdateCheck = 0920;
				LastUpgradeCheck = 0920;
				ORGANIZATIONNAME = "Sara Ahmad";
				TargetAttributes = {
					58D1927B201678210028DA5C = {
						CreatedOnToolsVersion = 9.2;
						ProvisioningStyle = Automatic;
					};
					58D19292201678220028DA5C = {
						CreatedOnToolsVersion = 9.2;
						ProvisioningStyle = Automatic;
						TestTargetID = 58D1927B201678210028DA5C;
					};
					58D1929D201678220028DA5C = {
						CreatedOnToolsVersion = 9.2;
						ProvisioningStyle = Automatic;
						TestTargetID = 58D1927B201678210028DA5C;
					};
				};
			};
			buildConfigurationList = 58D19277201678210028DA5C /* Build configuration list for PBXProject "Meow Fest" */;
			compatibilityVersion = "Xcode 8.0";
			developmentRegion = en;
			hasScannedForEncodings = 0;
			knownRegions = (
				en,
				Base,
			);
			mainGroup = 58D19273201678210028DA5C;
			productRefGroup = 58D1927D201678210028DA5C /* Products */;
			projectDirPath = "";
			projectRoot = "";
			targets = (
				58D1927B201678210028DA5C /* Meow Fest */,
				58D19292201678220028DA5C /* Meow FestTests */,
				58D1929D201678220028DA5C /* Meow FestUITests */,
			);
		};
/* End PBXProject section */

/* Begin PBXResourcesBuildPhase section */
		58D1927A201678210028DA5C /* Resources */ = {
			isa = PBXResourcesBuildPhase;
			buildActionMask = 2147483647;
			files = (
				58D1928D201678210028DA5C /* LaunchScreen.storyboard in Resources */,
				58D1928A201678210028DA5C /* Assets.xcassets in Resources */,
				58D19285201678210028DA5C /* Main.storyboard in Resources */,
			);
			runOnlyForDeploymentPostprocessing = 0;
		};
		58D19291201678220028DA5C /* Resources */ = {
			isa = PBXResourcesBuildPhase;
			buildActionMask = 2147483647;
			files = (
			);
			runOnlyForDeploymentPostprocessing = 0;
		};
		58D1929C201678220028DA5C /* Resources */ = {
			isa = PBXResourcesBuildPhase;
			buildActionMask = 2147483647;
			files = (
			);
			runOnlyForDeploymentPostprocessing = 0;
		};
/* End PBXResourcesBuildPhase section */

/* Begin PBXSourcesBuildPhase section */
		58D19278201678210028DA5C /* Sources */ = {
			isa = PBXSourcesBuildPhase;
			buildActionMask = 2147483647;
			files = (
				58D192B520167C750028DA5C /* MeowFestDatastore.swift in Sources */,
				58D192B720167FDE0028DA5C /* MeowFestTableViewController.swift in Sources */,
				58D192B1201678780028DA5C /* MeowFestAPIClient.swift in Sources */,
				58D19280201678210028DA5C /* AppDelegate.swift in Sources */,
				58D192B320167B490028DA5C /* MeowFest.swift in Sources */,
				58D19288201678210028DA5C /* Meow_Fest.xcdatamodeld in Sources */,
				58D192B9201692060028DA5C /* MeowFestTableViewCell.swift in Sources */,
			);
			runOnlyForDeploymentPostprocessing = 0;
		};
		58D1928F201678220028DA5C /* Sources */ = {
			isa = PBXSourcesBuildPhase;
			buildActionMask = 2147483647;
			files = (
				58D19298201678220028DA5C /* Meow_FestTests.swift in Sources */,
			);
			runOnlyForDeploymentPostprocessing = 0;
		};
		58D1929A201678220028DA5C /* Sources */ = {
			isa = PBXSourcesBuildPhase;
			buildActionMask = 2147483647;
			files = (
				58D192A3201678220028DA5C /* Meow_FestUITests.swift in Sources */,
			);
			runOnlyForDeploymentPostprocessing = 0;
		};
/* End PBXSourcesBuildPhase section */

/* Begin PBXTargetDependency section */
		58D19295201678220028DA5C /* PBXTargetDependency */ = {
			isa = PBXTargetDependency;
			target = 58D1927B201678210028DA5C /* Meow Fest */;
			targetProxy = 58D19294201678220028DA5C /* PBXContainerItemProxy */;
		};
		58D192A0201678220028DA5C /* PBXTargetDependency */ = {
			isa = PBXTargetDependency;
			target = 58D1927B201678210028DA5C /* Meow Fest */;
			targetProxy = 58D1929F201678220028DA5C /* PBXContainerItemProxy */;
		};
/* End PBXTargetDependency section */

/* Begin PBXVariantGroup section */
		58D19283201678210028DA5C /* Main.storyboard */ = {
			isa = PBXVariantGroup;
			children = (
				58D19284201678210028DA5C /* Base */,
			);
			name = Main.storyboard;
			sourceTree = "<group>";
		};
		58D1928B201678210028DA5C /* LaunchScreen.storyboard */ = {
			isa = PBXVariantGroup;
			children = (
				58D1928C201678210028DA5C /* Base */,
			);
			name = LaunchScreen.storyboard;
			sourceTree = "<group>";
		};
/* End PBXVariantGroup section */

/* Begin XCBuildConfiguration section */
		58D192A5201678220028DA5C /* Debug */ = {
			isa = XCBuildConfiguration;
			buildSettings = {
				ALWAYS_SEARCH_USER_PATHS = NO;
				CLANG_ANALYZER_NONNULL = YES;
				CLANG_ANALYZER_NUMBER_OBJECT_CONVERSION = YES_AGGRESSIVE;
				CLANG_CXX_LANGUAGE_STANDARD = "gnu++14";
				CLANG_CXX_LIBRARY = "libc++";
				CLANG_ENABLE_MODULES = YES;
				CLANG_ENABLE_OBJC_ARC = YES;
				CLANG_WARN_BLOCK_CAPTURE_AUTORELEASING = YES;
				CLANG_WARN_BOOL_CONVERSION = YES;
				CLANG_WARN_COMMA = YES;
				CLANG_WARN_CONSTANT_CONVERSION = YES;
				CLANG_WARN_DIRECT_OBJC_ISA_USAGE = YES_ERROR;
				CLANG_WARN_DOCUMENTATION_COMMENTS = YES;
				CLANG_WARN_EMPTY_BODY = YES;
				CLANG_WARN_ENUM_CONVERSION = YES;
				CLANG_WARN_INFINITE_RECURSION = YES;
				CLANG_WARN_INT_CONVERSION = YES;
				CLANG_WARN_NON_LITERAL_NULL_CONVERSION = YES;
				CLANG_WARN_OBJC_LITERAL_CONVERSION = YES;
				CLANG_WARN_OBJC_ROOT_CLASS = YES_ERROR;
				CLANG_WARN_RANGE_LOOP_ANALYSIS = YES;
				CLANG_WARN_STRICT_PROTOTYPES = YES;
				CLANG_WARN_SUSPICIOUS_MOVE = YES;
				CLANG_WARN_UNGUARDED_AVAILABILITY = YES_AGGRESSIVE;
				CLANG_WARN_UNREACHABLE_CODE = YES;
				CLANG_WARN__DUPLICATE_METHOD_MATCH = YES;
				CODE_SIGN_IDENTITY = "iPhone Developer";
				COPY_PHASE_STRIP = NO;
				DEBUG_INFORMATION_FORMAT = dwarf;
				ENABLE_STRICT_OBJC_MSGSEND = YES;
				ENABLE_TESTABILITY = YES;
				GCC_C_LANGUAGE_STANDARD = gnu11;
				GCC_DYNAMIC_NO_PIC = NO;
				GCC_NO_COMMON_BLOCKS = YES;
				GCC_OPTIMIZATION_LEVEL = 0;
				GCC_PREPROCESSOR_DEFINITIONS = (
					"DEBUG=1",
					"$(inherited)",
				);
				GCC_WARN_64_TO_32_BIT_CONVERSION = YES;
				GCC_WARN_ABOUT_RETURN_TYPE = YES_ERROR;
				GCC_WARN_UNDECLARED_SELECTOR = YES;
				GCC_WARN_UNINITIALIZED_AUTOS = YES_AGGRESSIVE;
				GCC_WARN_UNUSED_FUNCTION = YES;
				GCC_WARN_UNUSED_VARIABLE = YES;
				IPHONEOS_DEPLOYMENT_TARGET = 11.2;
				MTL_ENABLE_DEBUG_INFO = YES;
				ONLY_ACTIVE_ARCH = YES;
				SDKROOT = iphoneos;
				SWIFT_ACTIVE_COMPILATION_CONDITIONS = DEBUG;
				SWIFT_OPTIMIZATION_LEVEL = "-Onone";
			};
			name = Debug;
		};
		58D192A6201678220028DA5C /* Release */ = {
			isa = XCBuildConfiguration;
			buildSettings = {
				ALWAYS_SEARCH_USER_PATHS = NO;
				CLANG_ANALYZER_NONNULL = YES;
				CLANG_ANALYZER_NUMBER_OBJECT_CONVERSION = YES_AGGRESSIVE;
				CLANG_CXX_LANGUAGE_STANDARD = "gnu++14";
				CLANG_CXX_LIBRARY = "libc++";
				CLANG_ENABLE_MODULES = YES;
				CLANG_ENABLE_OBJC_ARC = YES;
				CLANG_WARN_BLOCK_CAPTURE_AUTORELEASING = YES;
				CLANG_WARN_BOOL_CONVERSION = YES;
				CLANG_WARN_COMMA = YES;
				CLANG_WARN_CONSTANT_CONVERSION = YES;
				CLANG_WARN_DIRECT_OBJC_ISA_USAGE = YES_ERROR;
				CLANG_WARN_DOCUMENTATION_COMMENTS = YES;
				CLANG_WARN_EMPTY_BODY = YES;
				CLANG_WARN_ENUM_CONVERSION = YES;
				CLANG_WARN_INFINITE_RECURSION = YES;
				CLANG_WARN_INT_CONVERSION = YES;
				CLANG_WARN_NON_LITERAL_NULL_CONVERSION = YES;
				CLANG_WARN_OBJC_LITERAL_CONVERSION = YES;
				CLANG_WARN_OBJC_ROOT_CLASS = YES_ERROR;
				CLANG_WARN_RANGE_LOOP_ANALYSIS = YES;
				CLANG_WARN_STRICT_PROTOTYPES = YES;
				CLANG_WARN_SUSPICIOUS_MOVE = YES;
				CLANG_WARN_UNGUARDED_AVAILABILITY = YES_AGGRESSIVE;
				CLANG_WARN_UNREACHABLE_CODE = YES;
				CLANG_WARN__DUPLICATE_METHOD_MATCH = YES;
				CODE_SIGN_IDENTITY = "iPhone Developer";
				COPY_PHASE_STRIP = NO;
				DEBUG_INFORMATION_FORMAT = "dwarf-with-dsym";
				ENABLE_NS_ASSERTIONS = NO;
				ENABLE_STRICT_OBJC_MSGSEND = YES;
				GCC_C_LANGUAGE_STANDARD = gnu11;
				GCC_NO_COMMON_BLOCKS = YES;
				GCC_WARN_64_TO_32_BIT_CONVERSION = YES;
				GCC_WARN_ABOUT_RETURN_TYPE = YES_ERROR;
				GCC_WARN_UNDECLARED_SELECTOR = YES;
				GCC_WARN_UNINITIALIZED_AUTOS = YES_AGGRESSIVE;
				GCC_WARN_UNUSED_FUNCTION = YES;
				GCC_WARN_UNUSED_VARIABLE = YES;
				IPHONEOS_DEPLOYMENT_TARGET = 11.2;
				MTL_ENABLE_DEBUG_INFO = NO;
				SDKROOT = iphoneos;
				SWIFT_OPTIMIZATION_LEVEL = "-Owholemodule";
				VALIDATE_PRODUCT = YES;
			};
			name = Release;
		};
		58D192A8201678220028DA5C /* Debug */ = {
			isa = XCBuildConfiguration;
			buildSettings = {
				ASSETCATALOG_COMPILER_APPICON_NAME = AppIcon;
				CODE_SIGN_STYLE = Automatic;
				DEVELOPMENT_TEAM = HLKHFWAG55;
				INFOPLIST_FILE = "Meow Fest/Info.plist";
				LD_RUNPATH_SEARCH_PATHS = "$(inherited) @executable_path/Frameworks";
				PRODUCT_BUNDLE_IDENTIFIER = "com.first.Meow-Fest";
				PRODUCT_NAME = "$(TARGET_NAME)";
				SWIFT_VERSION = 4.0;
				TARGETED_DEVICE_FAMILY = "1,2";
			};
			name = Debug;
		};
		58D192A9201678220028DA5C /* Release */ = {
			isa = XCBuildConfiguration;
			buildSettings = {
				ASSETCATALOG_COMPILER_APPICON_NAME = AppIcon;
				CODE_SIGN_STYLE = Automatic;
				DEVELOPMENT_TEAM = HLKHFWAG55;
				INFOPLIST_FILE = "Meow Fest/Info.plist";
				LD_RUNPATH_SEARCH_PATHS = "$(inherited) @executable_path/Frameworks";
				PRODUCT_BUNDLE_IDENTIFIER = "com.first.Meow-Fest";
				PRODUCT_NAME = "$(TARGET_NAME)";
				SWIFT_VERSION = 4.0;
				TARGETED_DEVICE_FAMILY = "1,2";
			};
			name = Release;
		};
		58D192AB201678220028DA5C /* Debug */ = {
			isa = XCBuildConfiguration;
			buildSettings = {
				ALWAYS_EMBED_SWIFT_STANDARD_LIBRARIES = YES;
				BUNDLE_LOADER = "$(TEST_HOST)";
				CODE_SIGN_STYLE = Automatic;
				INFOPLIST_FILE = "Meow FestTests/Info.plist";
				LD_RUNPATH_SEARCH_PATHS = "$(inherited) @executable_path/Frameworks @loader_path/Frameworks";
				PRODUCT_BUNDLE_IDENTIFIER = "com.first.Meow-FestTests";
				PRODUCT_NAME = "$(TARGET_NAME)";
				SWIFT_VERSION = 4.0;
				TARGETED_DEVICE_FAMILY = "1,2";
				TEST_HOST = "$(BUILT_PRODUCTS_DIR)/Meow Fest.app/Meow Fest";
			};
			name = Debug;
		};
		58D192AC201678220028DA5C /* Release */ = {
			isa = XCBuildConfiguration;
			buildSettings = {
				ALWAYS_EMBED_SWIFT_STANDARD_LIBRARIES = YES;
				BUNDLE_LOADER = "$(TEST_HOST)";
				CODE_SIGN_STYLE = Automatic;
				INFOPLIST_FILE = "Meow FestTests/Info.plist";
				LD_RUNPATH_SEARCH_PATHS = "$(inherited) @executable_path/Frameworks @loader_path/Frameworks";
				PRODUCT_BUNDLE_IDENTIFIER = "com.first.Meow-FestTests";
				PRODUCT_NAME = "$(TARGET_NAME)";
				SWIFT_VERSION = 4.0;
				TARGETED_DEVICE_FAMILY = "1,2";
				TEST_HOST = "$(BUILT_PRODUCTS_DIR)/Meow Fest.app/Meow Fest";
			};
			name = Release;
		};
		58D192AE201678220028DA5C /* Debug */ = {
			isa = XCBuildConfiguration;
			buildSettings = {
				ALWAYS_EMBED_SWIFT_STANDARD_LIBRARIES = YES;
				CODE_SIGN_STYLE = Automatic;
				INFOPLIST_FILE = "Meow FestUITests/Info.plist";
				LD_RUNPATH_SEARCH_PATHS = "$(inherited) @executable_path/Frameworks @loader_path/Frameworks";
				PRODUCT_BUNDLE_IDENTIFIER = "com.first.Meow-FestUITests";
				PRODUCT_NAME = "$(TARGET_NAME)";
				SWIFT_VERSION = 4.0;
				TARGETED_DEVICE_FAMILY = "1,2";
				TEST_TARGET_NAME = "Meow Fest";
			};
			name = Debug;
		};
		58D192AF201678220028DA5C /* Release */ = {
			isa = XCBuildConfiguration;
			buildSettings = {
				ALWAYS_EMBED_SWIFT_STANDARD_LIBRARIES = YES;
				CODE_SIGN_STYLE = Automatic;
				INFOPLIST_FILE = "Meow FestUITests/Info.plist";
				LD_RUNPATH_SEARCH_PATHS = "$(inherited) @executable_path/Frameworks @loader_path/Frameworks";
				PRODUCT_BUNDLE_IDENTIFIER = "com.first.Meow-FestUITests";
				PRODUCT_NAME = "$(TARGET_NAME)";
				SWIFT_VERSION = 4.0;
				TARGETED_DEVICE_FAMILY = "1,2";
				TEST_TARGET_NAME = "Meow Fest";
			};
			name = Release;
		};
/* End XCBuildConfiguration section */

/* Begin XCConfigurationList section */
		58D19277201678210028DA5C /* Build configuration list for PBXProject "Meow Fest" */ = {
			isa = XCConfigurationList;
			buildConfigurations = (
				58D192A5201678220028DA5C /* Debug */,
				58D192A6201678220028DA5C /* Release */,
			);
			defaultConfigurationIsVisible = 0;
			defaultConfigurationName = Release;
		};
		58D192A7201678220028DA5C /* Build configuration list for PBXNativeTarget "Meow Fest" */ = {
			isa = XCConfigurationList;
			buildConfigurations = (
				58D192A8201678220028DA5C /* Debug */,
				58D192A9201678220028DA5C /* Release */,
			);
			defaultConfigurationIsVisible = 0;
			defaultConfigurationName = Release;
		};
		58D192AA201678220028DA5C /* Build configuration list for PBXNativeTarget "Meow FestTests" */ = {
			isa = XCConfigurationList;
			buildConfigurations = (
				58D192AB201678220028DA5C /* Debug */,
				58D192AC201678220028DA5C /* Release */,
			);
			defaultConfigurationIsVisible = 0;
			defaultConfigurationName = Release;
		};
		58D192AD201678220028DA5C /* Build configuration list for PBXNativeTarget "Meow FestUITests" */ = {
			isa = XCConfigurationList;
			buildConfigurations = (
				58D192AE201678220028DA5C /* Debug */,
				58D192AF201678220028DA5C /* Release */,
			);
			defaultConfigurationIsVisible = 0;
			defaultConfigurationName = Release;
		};
/* End XCConfigurationList section */

/* Begin XCVersionGroup section */
		58D19286201678210028DA5C /* Meow_Fest.xcdatamodeld */ = {
			isa = XCVersionGroup;
			children = (
				58D19287201678210028DA5C /* Meow_Fest.xcdatamodel */,
			);
			currentVersion = 58D19287201678210028DA5C /* Meow_Fest.xcdatamodel */;
			path = Meow_Fest.xcdatamodeld;
			sourceTree = "<group>";
			versionGroupType = wrapper.xcdatamodel;
		};
/* End XCVersionGroup section */
	};
	rootObject = 58D19274201678210028DA5C /* Project object */;
}
